// !$*UTF8*$!
{
	archiveVersion = 1;
	classes = {
	};
	objectVersion = 46;
	objects = {

/* Begin PBXBuildFile section */
		185C10D2191886090035802C /* Quartz.framework in Frameworks */ = {isa = PBXBuildFile; fileRef = 185C10D1191886090035802C /* Quartz.framework */; };
		185C10D4191886090035802C /* Cocoa.framework in Frameworks */ = {isa = PBXBuildFile; fileRef = 185C10D3191886090035802C /* Cocoa.framework */; };
		185C10DE191886090035802C /* InfoPlist.strings in Resources */ = {isa = PBXBuildFile; fileRef = 185C10DC191886090035802C /* InfoPlist.strings */; };
		185C10EE191889F20035802C /* STAgatePrincipal.m in Sources */ = {isa = PBXBuildFile; fileRef = 185C10EC191889F20035802C /* STAgatePrincipal.m */; };
		185C1139191894BF0035802C /* STAWidgetPatch.m in Sources */ = {isa = PBXBuildFile; fileRef = 185C1137191894BF0035802C /* STAWidgetPatch.m */; };
		185C113B191895BF0035802C /* STAWidgetPatch.xml in Resources */ = {isa = PBXBuildFile; fileRef = 185C113A191895BF0035802C /* STAWidgetPatch.xml */; };
		185C1140191B30CC0035802C /* GFGraphView+AgateAddition.m in Sources */ = {isa = PBXBuildFile; fileRef = 185C113E191B30CC0035802C /* GFGraphView+AgateAddition.m */; };
		185C1142191B54040035802C /* WebKit.framework in Frameworks */ = {isa = PBXBuildFile; fileRef = 185C1141191B54040035802C /* WebKit.framework */; };
		18A3A250191D124C00230A08 /* webview in Resources */ = {isa = PBXBuildFile; fileRef = 18A3A24F191D124B00230A08 /* webview */; };
		18A3A253191DE16300230A08 /* WebView+Addition.m in Sources */ = {isa = PBXBuildFile; fileRef = 18A3A252191DE16300230A08 /* WebView+Addition.m */; };
		2AA2D25CB6824B1EAE7749CB /* libPods.a in Frameworks */ = {isa = PBXBuildFile; fileRef = 5F958D97102F4A178411CE70 /* libPods.a */; };
/* End PBXBuildFile section */

/* Begin PBXFileReference section */
		185C10CE191886090035802C /* Agate.plugin */ = {isa = PBXFileReference; explicitFileType = wrapper.cfbundle; includeInIndex = 0; path = Agate.plugin; sourceTree = BUILT_PRODUCTS_DIR; };
		185C10D1191886090035802C /* Quartz.framework */ = {isa = PBXFileReference; lastKnownFileType = wrapper.framework; name = Quartz.framework; path = System/Library/Frameworks/Quartz.framework; sourceTree = SDKROOT; };
		185C10D3191886090035802C /* Cocoa.framework */ = {isa = PBXFileReference; lastKnownFileType = wrapper.framework; name = Cocoa.framework; path = System/Library/Frameworks/Cocoa.framework; sourceTree = SDKROOT; };
		185C10D6191886090035802C /* Foundation.framework */ = {isa = PBXFileReference; lastKnownFileType = wrapper.framework; name = Foundation.framework; path = System/Library/Frameworks/Foundation.framework; sourceTree = SDKROOT; };
		185C10D7191886090035802C /* CoreData.framework */ = {isa = PBXFileReference; lastKnownFileType = wrapper.framework; name = CoreData.framework; path = System/Library/Frameworks/CoreData.framework; sourceTree = SDKROOT; };
		185C10D8191886090035802C /* AppKit.framework */ = {isa = PBXFileReference; lastKnownFileType = wrapper.framework; name = AppKit.framework; path = System/Library/Frameworks/AppKit.framework; sourceTree = SDKROOT; };
		185C10DB191886090035802C /* Agate-Info.plist */ = {isa = PBXFileReference; lastKnownFileType = text.plist.xml; path = "Agate-Info.plist"; sourceTree = "<group>"; };
		185C10DD191886090035802C /* en */ = {isa = PBXFileReference; lastKnownFileType = text.plist.strings; name = en; path = en.lproj/InfoPlist.strings; sourceTree = "<group>"; };
		185C10E2191886090035802C /* Agate-Prefix.pch */ = {isa = PBXFileReference; lastKnownFileType = sourcecode.c.h; path = "Agate-Prefix.pch"; sourceTree = "<group>"; };
		185C10EB191889F20035802C /* STAgatePrincipal.h */ = {isa = PBXFileReference; fileEncoding = 4; lastKnownFileType = sourcecode.objj.h; path = STAgatePrincipal.h; sourceTree = "<group>"; };
		185C10EC191889F20035802C /* STAgatePrincipal.m */ = {isa = PBXFileReference; fileEncoding = 4; lastKnownFileType = sourcecode.c.objc; path = STAgatePrincipal.m; sourceTree = "<group>"; };
		185C10F7191890DC0035802C /* CDStructures.h */ = {isa = PBXFileReference; fileEncoding = 4; lastKnownFileType = sourcecode.objj.h; path = CDStructures.h; sourceTree = "<group>"; };
		185C10F8191890DC0035802C /* FBCursorPatch.h */ = {isa = PBXFileReference; fileEncoding = 4; lastKnownFileType = sourcecode.objj.h; path = FBCursorPatch.h; sourceTree = "<group>"; };
		185C10F9191890DC0035802C /* FBHexToRGB.h */ = {isa = PBXFileReference; fileEncoding = 4; lastKnownFileType = sourcecode.objj.h; path = FBHexToRGB.h; sourceTree = "<group>"; };
		185C10FA191890DC0035802C /* FBODynamicPortsPatch.h */ = {isa = PBXFileReference; fileEncoding = 4; lastKnownFileType = sourcecode.objj.h; path = FBODynamicPortsPatch.h; sourceTree = "<group>"; };
		185C10FB191890DC0035802C /* FBOInteractionController.h */ = {isa = PBXFileReference; fileEncoding = 4; lastKnownFileType = sourcecode.objj.h; path = FBOInteractionController.h; sourceTree = "<group>"; };
		185C10FC191890DC0035802C /* FBOInteractionPatch.h */ = {isa = PBXFileReference; fileEncoding = 4; lastKnownFileType = sourcecode.objj.h; path = FBOInteractionPatch.h; sourceTree = "<group>"; };
		185C10FD191890DC0035802C /* FBOLayerGroup.h */ = {isa = PBXFileReference; fileEncoding = 4; lastKnownFileType = sourcecode.objj.h; path = FBOLayerGroup.h; sourceTree = "<group>"; };
		185C10FE191890DC0035802C /* FBOMultiSwitchPatch.h */ = {isa = PBXFileReference; fileEncoding = 4; lastKnownFileType = sourcecode.objj.h; path = FBOMultiSwitchPatch.h; sourceTree = "<group>"; };
		185C10FF191890DC0035802C /* FBOMultiSwitchPatchUI.h */ = {isa = PBXFileReference; fileEncoding = 4; lastKnownFileType = sourcecode.objj.h; path = FBOMultiSwitchPatchUI.h; sourceTree = "<group>"; };
		185C1101191890DC0035802C /* FBOrigamiPrincipal.h */ = {isa = PBXFileReference; fileEncoding = 4; lastKnownFileType = sourcecode.objj.h; path = FBOrigamiPrincipal.h; sourceTree = "<group>"; };
		185C1102191890DC0035802C /* FBRGBToHex.h */ = {isa = PBXFileReference; fileEncoding = 4; lastKnownFileType = sourcecode.objj.h; path = FBRGBToHex.h; sourceTree = "<group>"; };
		185C1103191890DC0035802C /* FBSafariSegmentedCell.h */ = {isa = PBXFileReference; fileEncoding = 4; lastKnownFileType = sourcecode.objj.h; path = FBSafariSegmentedCell.h; sourceTree = "<group>"; };
		185C1104191890DC0035802C /* FBSafariTheme.h */ = {isa = PBXFileReference; fileEncoding = 4; lastKnownFileType = sourcecode.objj.h; path = FBSafariTheme.h; sourceTree = "<group>"; };
		185C1105191890DC0035802C /* FBSafariThemeButtons.h */ = {isa = PBXFileReference; fileEncoding = 4; lastKnownFileType = sourcecode.objj.h; path = FBSafariThemeButtons.h; sourceTree = "<group>"; };
		185C1106191890DC0035802C /* FBSafariToolbarController.h */ = {isa = PBXFileReference; fileEncoding = 4; lastKnownFileType = sourcecode.objj.h; path = FBSafariToolbarController.h; sourceTree = "<group>"; };
		185C1107191890DC0035802C /* GFPlugInRegistration-Protocol.h */ = {isa = PBXFileReference; fileEncoding = 4; lastKnownFileType = sourcecode.objj.h; path = "GFPlugInRegistration-Protocol.h"; sourceTree = "<group>"; };
		185C1108191890DC0035802C /* NSDocument-FBAdditions.h */ = {isa = PBXFileReference; fileEncoding = 4; lastKnownFileType = sourcecode.objj.h; path = "NSDocument-FBAdditions.h"; sourceTree = "<group>"; };
		185C1109191890DC0035802C /* NSMenu-FBAdditions.h */ = {isa = PBXFileReference; fileEncoding = 4; lastKnownFileType = sourcecode.objj.h; path = "NSMenu-FBAdditions.h"; sourceTree = "<group>"; };
		185C110A191890DC0035802C /* NSObject-AMAssociatedObjects.h */ = {isa = PBXFileReference; fileEncoding = 4; lastKnownFileType = sourcecode.objj.h; path = "NSObject-AMAssociatedObjects.h"; sourceTree = "<group>"; };
		185C110B191890DC0035802C /* NSObject-FBAdditions.h */ = {isa = PBXFileReference; fileEncoding = 4; lastKnownFileType = sourcecode.objj.h; path = "NSObject-FBAdditions.h"; sourceTree = "<group>"; };
		185C110C191890DC0035802C /* NSObject-FBNoArcAdditons.h */ = {isa = PBXFileReference; fileEncoding = 4; lastKnownFileType = sourcecode.objj.h; path = "NSObject-FBNoArcAdditons.h"; sourceTree = "<group>"; };
		185C110D191890DC0035802C /* NSString-FBAdditions.h */ = {isa = PBXFileReference; fileEncoding = 4; lastKnownFileType = sourcecode.objj.h; path = "NSString-FBAdditions.h"; sourceTree = "<group>"; };
		185C110E191890DC0035802C /* QCInteractionPatch-Protocol.h */ = {isa = PBXFileReference; fileEncoding = 4; lastKnownFileType = sourcecode.objj.h; path = "QCInteractionPatch-Protocol.h"; sourceTree = "<group>"; };
		185C110F191890DC0035802C /* QCPatch-FBAdditions.h */ = {isa = PBXFileReference; fileEncoding = 4; lastKnownFileType = sourcecode.objj.h; path = "QCPatch-FBAdditions.h"; sourceTree = "<group>"; };
		185C1110191890DC0035802C /* QCPatchView-FBAdditions.h */ = {isa = PBXFileReference; fileEncoding = 4; lastKnownFileType = sourcecode.objj.h; path = "QCPatchView-FBAdditions.h"; sourceTree = "<group>"; };
		185C1111191890DC0035802C /* QCPort-FBAdditions.h */ = {isa = PBXFileReference; fileEncoding = 4; lastKnownFileType = sourcecode.objj.h; path = "QCPort-FBAdditions.h"; sourceTree = "<group>"; };
		185C1136191894BF0035802C /* STAWidgetPatch.h */ = {isa = PBXFileReference; fileEncoding = 4; lastKnownFileType = sourcecode.objj.h; path = STAWidgetPatch.h; sourceTree = "<group>"; };
		185C1137191894BF0035802C /* STAWidgetPatch.m */ = {isa = PBXFileReference; fileEncoding = 4; lastKnownFileType = sourcecode.c.objc; path = STAWidgetPatch.m; sourceTree = "<group>"; };
		185C113A191895BF0035802C /* STAWidgetPatch.xml */ = {isa = PBXFileReference; fileEncoding = 4; lastKnownFileType = text.xml; path = STAWidgetPatch.xml; sourceTree = "<group>"; };
		185C113D191B30CC0035802C /* GFGraphView+AgateAddition.h */ = {isa = PBXFileReference; fileEncoding = 4; lastKnownFileType = sourcecode.objj.h; path = "GFGraphView+AgateAddition.h"; sourceTree = "<group>"; };
		185C113E191B30CC0035802C /* GFGraphView+AgateAddition.m */ = {isa = PBXFileReference; fileEncoding = 4; lastKnownFileType = sourcecode.c.objc; path = "GFGraphView+AgateAddition.m"; sourceTree = "<group>"; };
		185C1141191B54040035802C /* WebKit.framework */ = {isa = PBXFileReference; lastKnownFileType = wrapper.framework; name = WebKit.framework; path = System/Library/Frameworks/WebKit.framework; sourceTree = SDKROOT; };
		18A3A24F191D124B00230A08 /* webview */ = {isa = PBXFileReference; lastKnownFileType = folder; path = webview; sourceTree = "<group>"; };
		18A3A251191DE16200230A08 /* WebView+Addition.h */ = {isa = PBXFileReference; fileEncoding = 4; lastKnownFileType = sourcecode.c.h; path = "WebView+Addition.h"; sourceTree = "<group>"; };
		18A3A252191DE16300230A08 /* WebView+Addition.m */ = {isa = PBXFileReference; fileEncoding = 4; lastKnownFileType = sourcecode.c.objc; path = "WebView+Addition.m"; sourceTree = "<group>"; };
		18A3A257191E692D00230A08 /* FBOrigamiAdditions.h */ = {isa = PBXFileReference; lastKnownFileType = sourcecode.c.h; path = FBOrigamiAdditions.h; sourceTree = "<group>"; };
		5325EAB5E7444C9B973300E1 /* Pods.xcconfig */ = {isa = PBXFileReference; includeInIndex = 1; lastKnownFileType = text.xcconfig; name = Pods.xcconfig; path = Pods/Pods.xcconfig; sourceTree = "<group>"; };
		5F958D97102F4A178411CE70 /* libPods.a */ = {isa = PBXFileReference; explicitFileType = archive.ar; includeInIndex = 0; path = libPods.a; sourceTree = BUILT_PRODUCTS_DIR; };
/* End PBXFileReference section */

/* Begin PBXFrameworksBuildPhase section */
		185C10CA191886090035802C /* Frameworks */ = {
			isa = PBXFrameworksBuildPhase;
			buildActionMask = 2147483647;
			files = (
				185C1142191B54040035802C /* WebKit.framework in Frameworks */,
				185C10D4191886090035802C /* Cocoa.framework in Frameworks */,
				185C10D2191886090035802C /* Quartz.framework in Frameworks */,
				2AA2D25CB6824B1EAE7749CB /* libPods.a in Frameworks */,
			);
			runOnlyForDeploymentPostprocessing = 0;
		};
/* End PBXFrameworksBuildPhase section */

/* Begin PBXGroup section */
		185C10C4191886090035802C = {
			isa = PBXGroup;
			children = (
				185C10D9191886090035802C /* Agate */,
				185C10D0191886090035802C /* Frameworks */,
				185C10CF191886090035802C /* Products */,
				5325EAB5E7444C9B973300E1 /* Pods.xcconfig */,
			);
			sourceTree = "<group>";
		};
		185C10CF191886090035802C /* Products */ = {
			isa = PBXGroup;
			children = (
				185C10CE191886090035802C /* Agate.plugin */,
			);
			name = Products;
			sourceTree = "<group>";
		};
		185C10D0191886090035802C /* Frameworks */ = {
			isa = PBXGroup;
			children = (
				185C1141191B54040035802C /* WebKit.framework */,
				185C10D1191886090035802C /* Quartz.framework */,
				185C10D3191886090035802C /* Cocoa.framework */,
				185C10D5191886090035802C /* Other Frameworks */,
				5F958D97102F4A178411CE70 /* libPods.a */,
			);
			name = Frameworks;
			sourceTree = "<group>";
		};
		185C10D5191886090035802C /* Other Frameworks */ = {
			isa = PBXGroup;
			children = (
				185C10D6191886090035802C /* Foundation.framework */,
				185C10D7191886090035802C /* CoreData.framework */,
				185C10D8191886090035802C /* AppKit.framework */,
			);
			name = "Other Frameworks";
			sourceTree = "<group>";
		};
		185C10D9191886090035802C /* Agate */ = {
			isa = PBXGroup;
			children = (
				185C113C191B30B60035802C /* Additions */,
				185C112D191891FF0035802C /* Patches */,
				185C10EB191889F20035802C /* STAgatePrincipal.h */,
				185C10EC191889F20035802C /* STAgatePrincipal.m */,
				18A3A24F191D124B00230A08 /* webview */,
				185C10DA191886090035802C /* Supporting Files */,
				185C10F6191890DC0035802C /* Origami */,
			);
			path = Agate;
			sourceTree = "<group>";
		};
		185C10DA191886090035802C /* Supporting Files */ = {
			isa = PBXGroup;
			children = (
				185C10DB191886090035802C /* Agate-Info.plist */,
				185C10DC191886090035802C /* InfoPlist.strings */,
				185C10E2191886090035802C /* Agate-Prefix.pch */,
				185C113A191895BF0035802C /* STAWidgetPatch.xml */,
			);
			name = "Supporting Files";
			sourceTree = "<group>";
		};
		185C10F6191890DC0035802C /* Origami */ = {
			isa = PBXGroup;
			children = (
				185C10F7191890DC0035802C /* CDStructures.h */,
				185C10F8191890DC0035802C /* FBCursorPatch.h */,
				185C10F9191890DC0035802C /* FBHexToRGB.h */,
				185C10FA191890DC0035802C /* FBODynamicPortsPatch.h */,
				185C10FB191890DC0035802C /* FBOInteractionController.h */,
				185C10FC191890DC0035802C /* FBOInteractionPatch.h */,
				185C10FD191890DC0035802C /* FBOLayerGroup.h */,
				185C10FE191890DC0035802C /* FBOMultiSwitchPatch.h */,
				185C10FF191890DC0035802C /* FBOMultiSwitchPatchUI.h */,
				18A3A257191E692D00230A08 /* FBOrigamiAdditions.h */,
				185C1101191890DC0035802C /* FBOrigamiPrincipal.h */,
				185C1102191890DC0035802C /* FBRGBToHex.h */,
				185C1103191890DC0035802C /* FBSafariSegmentedCell.h */,
				185C1104191890DC0035802C /* FBSafariTheme.h */,
				185C1105191890DC0035802C /* FBSafariThemeButtons.h */,
				185C1106191890DC0035802C /* FBSafariToolbarController.h */,
				185C1107191890DC0035802C /* GFPlugInRegistration-Protocol.h */,
				185C1108191890DC0035802C /* NSDocument-FBAdditions.h */,
				185C1109191890DC0035802C /* NSMenu-FBAdditions.h */,
				185C110A191890DC0035802C /* NSObject-AMAssociatedObjects.h */,
				185C110B191890DC0035802C /* NSObject-FBAdditions.h */,
				185C110C191890DC0035802C /* NSObject-FBNoArcAdditons.h */,
				185C110D191890DC0035802C /* NSString-FBAdditions.h */,
				185C110E191890DC0035802C /* QCInteractionPatch-Protocol.h */,
				185C110F191890DC0035802C /* QCPatch-FBAdditions.h */,
				185C1110191890DC0035802C /* QCPatchView-FBAdditions.h */,
				185C1111191890DC0035802C /* QCPort-FBAdditions.h */,
			);
			path = Origami;
			sourceTree = "<group>";
		};
		185C112D191891FF0035802C /* Patches */ = {
			isa = PBXGroup;
			children = (
				185C1136191894BF0035802C /* STAWidgetPatch.h */,
				185C1137191894BF0035802C /* STAWidgetPatch.m */,
			);
			name = Patches;
			sourceTree = "<group>";
		};
		185C113C191B30B60035802C /* Additions */ = {
			isa = PBXGroup;
			children = (
				185C113D191B30CC0035802C /* GFGraphView+AgateAddition.h */,
				185C113E191B30CC0035802C /* GFGraphView+AgateAddition.m */,
				18A3A251191DE16200230A08 /* WebView+Addition.h */,
				18A3A252191DE16300230A08 /* WebView+Addition.m */,
			);
			name = Additions;
			sourceTree = "<group>";
		};
/* End PBXGroup section */

/* Begin PBXNativeTarget section */
		185C10CD191886090035802C /* Agate */ = {
			isa = PBXNativeTarget;
			buildConfigurationList = 185C10E5191886090035802C /* Build configuration list for PBXNativeTarget "Agate" */;
			buildPhases = (
				89F54CA3204D429CBA0CC3D7 /* Check Pods Manifest.lock */,
				185C10C9191886090035802C /* Sources */,
				185C10CA191886090035802C /* Frameworks */,
				185C10CB191886090035802C /* Resources */,
				185C10CC191886090035802C /* ShellScript */,
				7385E8B83F8D4863B3D44BAA /* Copy Pods Resources */,
			);
			buildRules = (
			);
			dependencies = (
			);
			name = Agate;
			productName = Agate;
			productReference = 185C10CE191886090035802C /* Agate.plugin */;
			productType = "com.apple.product-type.bundle";
		};
/* End PBXNativeTarget section */

/* Begin PBXProject section */
		185C10C5191886090035802C /* Project object */ = {
			isa = PBXProject;
			attributes = {
				LastUpgradeCheck = 0510;
				ORGANIZATIONNAME = shotdoor;
			};
			buildConfigurationList = 185C10C8191886090035802C /* Build configuration list for PBXProject "Agate" */;
			compatibilityVersion = "Xcode 3.2";
			developmentRegion = English;
			hasScannedForEncodings = 0;
			knownRegions = (
				en,
			);
			mainGroup = 185C10C4191886090035802C;
			productRefGroup = 185C10CF191886090035802C /* Products */;
			projectDirPath = "";
			projectRoot = "";
			targets = (
				185C10CD191886090035802C /* Agate */,
			);
		};
/* End PBXProject section */

/* Begin PBXResourcesBuildPhase section */
		185C10CB191886090035802C /* Resources */ = {
			isa = PBXResourcesBuildPhase;
			buildActionMask = 2147483647;
			files = (
				18A3A250191D124C00230A08 /* webview in Resources */,
				185C113B191895BF0035802C /* STAWidgetPatch.xml in Resources */,
				185C10DE191886090035802C /* InfoPlist.strings in Resources */,
			);
			runOnlyForDeploymentPostprocessing = 0;
		};
/* End PBXResourcesBuildPhase section */

/* Begin PBXShellScriptBuildPhase section */
		185C10CC191886090035802C /* ShellScript */ = {
			isa = PBXShellScriptBuildPhase;
			buildActionMask = 2147483647;
			files = (
			);
			inputPaths = (
			);
			outputPaths = (
			);
			runOnlyForDeploymentPostprocessing = 0;
			shellPath = /bin/sh;
			shellScript = "# This shell script simply copies the built plug-in to \"~/Library/Graphics/Quartz Composer Plug-Ins\" and overrides any previous version at that location\n\nmkdir -p \"$USER_LIBRARY_DIR/Graphics/Quartz Composer Patches\"\nrm -rf \"$USER_LIBRARY_DIR/Graphics/Quartz Composer Patches/Agate.plugin\"\ncp -rf \"$BUILT_PRODUCTS_DIR/Agate.plugin\" \"$USER_LIBRARY_DIR/Graphics/Quartz Composer Patches/\"\n";
		};
		7385E8B83F8D4863B3D44BAA /* Copy Pods Resources */ = {
			isa = PBXShellScriptBuildPhase;
			buildActionMask = 2147483647;
			files = (
			);
			inputPaths = (
			);
			name = "Copy Pods Resources";
			outputPaths = (
			);
			runOnlyForDeploymentPostprocessing = 0;
			shellPath = /bin/sh;
			shellScript = "\"${SRCROOT}/Pods/Pods-resources.sh\"\n";
			showEnvVarsInLog = 0;
		};
		89F54CA3204D429CBA0CC3D7 /* Check Pods Manifest.lock */ = {
			isa = PBXShellScriptBuildPhase;
			buildActionMask = 2147483647;
			files = (
			);
			inputPaths = (
			);
			name = "Check Pods Manifest.lock";
			outputPaths = (
			);
			runOnlyForDeploymentPostprocessing = 0;
			shellPath = /bin/sh;
			shellScript = "diff \"${PODS_ROOT}/../Podfile.lock\" \"${PODS_ROOT}/Manifest.lock\" > /dev/null\nif [[ $? != 0 ]] ; then\n    cat << EOM\nerror: The sandbox is not in sync with the Podfile.lock. Run 'pod install' or update your CocoaPods installation.\nEOM\n    exit 1\nfi\n";
			showEnvVarsInLog = 0;
		};
/* End PBXShellScriptBuildPhase section */

/* Begin PBXSourcesBuildPhase section */
		185C10C9191886090035802C /* Sources */ = {
			isa = PBXSourcesBuildPhase;
			buildActionMask = 2147483647;
			files = (
				185C1140191B30CC0035802C /* GFGraphView+AgateAddition.m in Sources */,
				18A3A253191DE16300230A08 /* WebView+Addition.m in Sources */,
				185C10EE191889F20035802C /* STAgatePrincipal.m in Sources */,
				185C1139191894BF0035802C /* STAWidgetPatch.m in Sources */,
			);
			runOnlyForDeploymentPostprocessing = 0;
		};
/* End PBXSourcesBuildPhase section */

/* Begin PBXVariantGroup section */
		185C10DC191886090035802C /* InfoPlist.strings */ = {
			isa = PBXVariantGroup;
			children = (
				185C10DD191886090035802C /* en */,
			);
			name = InfoPlist.strings;
			sourceTree = "<group>";
		};
/* End PBXVariantGroup section */

/* Begin XCBuildConfiguration section */
		185C10E3191886090035802C /* Debug */ = {
			isa = XCBuildConfiguration;
			buildSettings = {
				ALWAYS_SEARCH_USER_PATHS = NO;
				CLANG_CXX_LANGUAGE_STANDARD = "gnu++0x";
				CLANG_CXX_LIBRARY = "libc++";
				CLANG_ENABLE_MODULES = YES;
				CLANG_ENABLE_OBJC_ARC = YES;
				CLANG_WARN_BOOL_CONVERSION = YES;
				CLANG_WARN_CONSTANT_CONVERSION = YES;
				CLANG_WARN_DIRECT_OBJC_ISA_USAGE = YES_ERROR;
				CLANG_WARN_EMPTY_BODY = YES;
				CLANG_WARN_ENUM_CONVERSION = YES;
				CLANG_WARN_INT_CONVERSION = YES;
				CLANG_WARN_OBJC_ROOT_CLASS = YES_ERROR;
				CLANG_WARN__DUPLICATE_METHOD_MATCH = YES;
				COPY_PHASE_STRIP = NO;
				GCC_C_LANGUAGE_STANDARD = gnu99;
				GCC_DYNAMIC_NO_PIC = NO;
				GCC_ENABLE_OBJC_EXCEPTIONS = YES;
				GCC_ENABLE_OBJC_GC = supported;
				GCC_OPTIMIZATION_LEVEL = 0;
				GCC_PREPROCESSOR_DEFINITIONS = (
					"DEBUG=1",
					"$(inherited)",
				);
				GCC_SYMBOLS_PRIVATE_EXTERN = NO;
				GCC_WARN_64_TO_32_BIT_CONVERSION = YES;
				GCC_WARN_ABOUT_RETURN_TYPE = YES_ERROR;
				GCC_WARN_UNDECLARED_SELECTOR = YES;
				GCC_WARN_UNINITIALIZED_AUTOS = YES_AGGRESSIVE;
				GCC_WARN_UNUSED_FUNCTION = YES;
				GCC_WARN_UNUSED_VARIABLE = YES;
				MACOSX_DEPLOYMENT_TARGET = 10.9;
				ONLY_ACTIVE_ARCH = YES;
				SDKROOT = macosx;
			};
			name = Debug;
		};
		185C10E4191886090035802C /* Release */ = {
			isa = XCBuildConfiguration;
			buildSettings = {
				ALWAYS_SEARCH_USER_PATHS = NO;
				CLANG_CXX_LANGUAGE_STANDARD = "gnu++0x";
				CLANG_CXX_LIBRARY = "libc++";
				CLANG_ENABLE_MODULES = YES;
				CLANG_ENABLE_OBJC_ARC = YES;
				CLANG_WARN_BOOL_CONVERSION = YES;
				CLANG_WARN_CONSTANT_CONVERSION = YES;
				CLANG_WARN_DIRECT_OBJC_ISA_USAGE = YES_ERROR;
				CLANG_WARN_EMPTY_BODY = YES;
				CLANG_WARN_ENUM_CONVERSION = YES;
				CLANG_WARN_INT_CONVERSION = YES;
				CLANG_WARN_OBJC_ROOT_CLASS = YES_ERROR;
				CLANG_WARN__DUPLICATE_METHOD_MATCH = YES;
				COPY_PHASE_STRIP = YES;
				DEBUG_INFORMATION_FORMAT = "dwarf-with-dsym";
				ENABLE_NS_ASSERTIONS = NO;
				GCC_C_LANGUAGE_STANDARD = gnu99;
				GCC_ENABLE_OBJC_EXCEPTIONS = YES;
				GCC_ENABLE_OBJC_GC = supported;
				GCC_WARN_64_TO_32_BIT_CONVERSION = YES;
				GCC_WARN_ABOUT_RETURN_TYPE = YES_ERROR;
				GCC_WARN_UNDECLARED_SELECTOR = YES;
				GCC_WARN_UNINITIALIZED_AUTOS = YES_AGGRESSIVE;
				GCC_WARN_UNUSED_FUNCTION = YES;
				GCC_WARN_UNUSED_VARIABLE = YES;
				MACOSX_DEPLOYMENT_TARGET = 10.9;
				SDKROOT = macosx;
			};
			name = Release;
		};
		185C10E6191886090035802C /* Debug */ = {
			isa = XCBuildConfiguration;
			baseConfigurationReference = 5325EAB5E7444C9B973300E1 /* Pods.xcconfig */;
			buildSettings = {
				CLANG_ENABLE_OBJC_ARC = NO;
				COMBINE_HIDPI_IMAGES = YES;
				FRAMEWORK_SEARCH_PATHS = (
					"$(inherited)",
					"$(LOCAL_LIBRARY_DIR)/Frameworks",
				);
				GCC_ENABLE_OBJC_GC = unsupported;
				GCC_PRECOMPILE_PREFIX_HEADER = YES;
				GCC_PREFIX_HEADER = "Agate/Agate-Prefix.pch";
				HEADER_SEARCH_PATHS = (
					"$(inherited)",
					/Applications/Xcode.app/Contents/Developer/Toolchains/XcodeDefault.xctoolchain/usr/include,
				);
				INFOPLIST_FILE = "Agate/Agate-Info.plist";
				INSTALL_PATH = "$(HOME)/Library/Graphics/Quartz Composer Plug-Ins";
				PRODUCT_NAME = "$(TARGET_NAME)";
				VALID_ARCHS = x86_64;
				WRAPPER_EXTENSION = plugin;
			};
			name = Debug;
		};
		185C10E7191886090035802C /* Release */ = {
			isa = XCBuildConfiguration;
			baseConfigurationReference = 5325EAB5E7444C9B973300E1 /* Pods.xcconfig */;
			buildSettings = {
				CLANG_ENABLE_OBJC_ARC = NO;
				COMBINE_HIDPI_IMAGES = YES;
				FRAMEWORK_SEARCH_PATHS = (
					"$(inherited)",
					"$(LOCAL_LIBRARY_DIR)/Frameworks",
				);
				GCC_ENABLE_OBJC_GC = unsupported;
				GCC_PRECOMPILE_PREFIX_HEADER = YES;
				GCC_PREFIX_HEADER = "Agate/Agate-Prefix.pch";
				HEADER_SEARCH_PATHS = (
					"$(inherited)",
					/Applications/Xcode.app/Contents/Developer/Toolchains/XcodeDefault.xctoolchain/usr/include,
				);
				INFOPLIST_FILE = "Agate/Agate-Info.plist";
				INSTALL_PATH = "$(HOME)/Library/Graphics/Quartz Composer Plug-Ins";
				PRODUCT_NAME = "$(TARGET_NAME)";
				VALID_ARCHS = x86_64;
				WRAPPER_EXTENSION = plugin;
			};
			name = Release;
		};
/* End XCBuildConfiguration section */

/* Begin XCConfigurationList section */
		185C10C8191886090035802C /* Build configuration list for PBXProject "Agate" */ = {
			isa = XCConfigurationList;
			buildConfigurations = (
				185C10E3191886090035802C /* Debug */,
				185C10E4191886090035802C /* Release */,
			);
			defaultConfigurationIsVisible = 0;
			defaultConfigurationName = Release;
		};
		185C10E5191886090035802C /* Build configuration list for PBXNativeTarget "Agate" */ = {
			isa = XCConfigurationList;
			buildConfigurations = (
				185C10E6191886090035802C /* Debug */,
				185C10E7191886090035802C /* Release */,
			);
			defaultConfigurationIsVisible = 0;
			defaultConfigurationName = Release;
		};
/* End XCConfigurationList section */
	};
	rootObject = 185C10C5191886090035802C /* Project object */;
}
